
Microsoft Visual Studio Solution File, Format Version 11.00
# Visual C# Express 2010
Project("{FAE04EC0-301F-11D3-BF4B-00C04F79EFBC}") = "3D Game", "3D Game\3D Game\3D Game.csproj", "{4E93541E-D086-4EF5-9142-E859BA120043}"
EndProject
Project("{96E2B04D-8817-42C6-938A-82C39BA4D311}") = "3D GameContent", "3D Game\3D GameContent\3D GameContent.contentproj", "{859499E9-6EC7-4A70-8613-8E6B2A7477B7}"
EndProject
Global
	GlobalSection(SolutionConfigurationPlatforms) = preSolution
		Debug|x86 = Debug|x86
		Release|x86 = Release|x86
	EndGlobalSection
	GlobalSection(ProjectConfigurationPlatforms) = postSolution
		{4E93541E-D086-4EF5-9142-E859BA120043}.Debug|x86.ActiveCfg = Debug|x86
		{4E93541E-D086-4EF5-9142-E859BA120043}.Debug|x86.Build.0 = Debug|x86
		{4E93541E-D086-4EF5-9142-E859BA120043}.Release|x86.ActiveCfg = Release|x86
		{4E93541E-D086-4EF5-9142-E859BA120043}.Release|x86.Build.0 = Release|x86
		{859499E9-6EC7-4A70-8613-8E6B2A7477B7}.Debug|x86.ActiveCfg = Debug|x86
		{859499E9-6EC7-4A70-8613-8E6B2A7477B7}.Release|x86.ActiveCfg = Release|x86
	EndGlobalSection
	GlobalSection(SolutionProperties) = preSolution
		HideSolutionNode = FALSE
	EndGlobalSection
EndGlobal
